// !$*UTF8*$!
{
	archiveVersion = 1;
	classes = {
	};
	objectVersion = 50;
	objects = {

/* Begin PBXBuildFile section */
		0B73AF5D6CFCE56AEF8C1828 /* Pods_MarkUPTests.framework in Frameworks */ = {isa = PBXBuildFile; fileRef = 4036D12E669E4B28D8F92F4C /* Pods_MarkUPTests.framework */; };
		464A61B870781D8E1D451AD7 /* Pods_MarkUP.framework in Frameworks */ = {isa = PBXBuildFile; fileRef = 1045F95AC680D7EC08DA4577 /* Pods_MarkUP.framework */; };
		5C0528192272B4970055FFE1 /* AppDelegate.swift in Sources */ = {isa = PBXBuildFile; fileRef = 5C0528182272B4970055FFE1 /* AppDelegate.swift */; };
		5C05281B2272B4970055FFE1 /* ViewController.swift in Sources */ = {isa = PBXBuildFile; fileRef = 5C05281A2272B4970055FFE1 /* ViewController.swift */; };
		5C05281E2272B4970055FFE1 /* Main.storyboard in Resources */ = {isa = PBXBuildFile; fileRef = 5C05281C2272B4970055FFE1 /* Main.storyboard */; };
		5C0528202272B4980055FFE1 /* Assets.xcassets in Resources */ = {isa = PBXBuildFile; fileRef = 5C05281F2272B4980055FFE1 /* Assets.xcassets */; };
		5C0528232272B4980055FFE1 /* LaunchScreen.storyboard in Resources */ = {isa = PBXBuildFile; fileRef = 5C0528212272B4980055FFE1 /* LaunchScreen.storyboard */; };
		5C05282E2272B4980055FFE1 /* MarkUPTests.swift in Sources */ = {isa = PBXBuildFile; fileRef = 5C05282D2272B4980055FFE1 /* MarkUPTests.swift */; };
		5C393B4A227BE6AB00DA4C41 /* PDFManager.swift in Sources */ = {isa = PBXBuildFile; fileRef = 5C393B49227BE6AB00DA4C41 /* PDFManager.swift */; };
		5C4A41732279CDAA003D5E70 /* MdViewer.swift in Sources */ = {isa = PBXBuildFile; fileRef = 5C4A41722279CDAA003D5E70 /* MdViewer.swift */; };
		5C4CDBE7227AACC40014091D /* ImageSelectorCell.swift in Sources */ = {isa = PBXBuildFile; fileRef = 5C4CDBE6227AACC40014091D /* ImageSelectorCell.swift */; };
		5C4CDBE9227AC2CA0014091D /* ImageAlert.swift in Sources */ = {isa = PBXBuildFile; fileRef = 5C4CDBE8227AC2CA0014091D /* ImageAlert.swift */; };
		5C8681F9227563E2000685C2 /* FileCell.swift in Sources */ = {isa = PBXBuildFile; fileRef = 5C8681F8227563E2000685C2 /* FileCell.swift */; };
		5C8681FC227564D9000685C2 /* FileSelectorVC.swift in Sources */ = {isa = PBXBuildFile; fileRef = 5C8681FB227564D9000685C2 /* FileSelectorVC.swift */; };
		5C8681FF2275669F000685C2 /* ImageKey.swift in Sources */ = {isa = PBXBuildFile; fileRef = 5C8681FE2275669F000685C2 /* ImageKey.swift */; };
		5C86820122756FA5000685C2 /* ColorKey.swift in Sources */ = {isa = PBXBuildFile; fileRef = 5C86820022756FA5000685C2 /* ColorKey.swift */; };
		5C86820822757E92000685C2 /* Localizable.strings in Resources */ = {isa = PBXBuildFile; fileRef = 5C86820A22757E92000685C2 /* Localizable.strings */; };
		5C868213227589A4000685C2 /* LocalizationKey.swift in Sources */ = {isa = PBXBuildFile; fileRef = 5C868212227589A4000685C2 /* LocalizationKey.swift */; };
		5C95EE7C2277365F002F846A /* FileSystemKey.swift in Sources */ = {isa = PBXBuildFile; fileRef = 5C95EE7B2277365F002F846A /* FileSystemKey.swift */; };
		5C95EE7F2277419E002F846A /* DateTool.swift in Sources */ = {isa = PBXBuildFile; fileRef = 5C95EE7E2277419E002F846A /* DateTool.swift */; };
		5CA6B058227B19EE008EE40D /* HtmlManager.swift in Sources */ = {isa = PBXBuildFile; fileRef = 5CA6B057227B19EE008EE40D /* HtmlManager.swift */; };
		5CA6B05A227B1F34008EE40D /* WKWebViewConfigKey.swift in Sources */ = {isa = PBXBuildFile; fileRef = 5CA6B059227B1F34008EE40D /* WKWebViewConfigKey.swift */; };
		5CA9E63D227840BC0056B12F /* AlertManager.swift in Sources */ = {isa = PBXBuildFile; fileRef = 5CA9E63C227840BC0056B12F /* AlertManager.swift */; };
		5CA9E63F227841FE0056B12F /* FileManager.swift in Sources */ = {isa = PBXBuildFile; fileRef = 5CA9E63E227841FE0056B12F /* FileManager.swift */; };
		5CA9E642227843910056B12F /* GroupSelectorVC.swift in Sources */ = {isa = PBXBuildFile; fileRef = 5CA9E641227843910056B12F /* GroupSelectorVC.swift */; };
		5CA9E6462278453B0056B12F /* GroupPopover.swift in Sources */ = {isa = PBXBuildFile; fileRef = 5CA9E6452278453B0056B12F /* GroupPopover.swift */; };
		5CA9E64A22784E100056B12F /* StoryboardKey.swift in Sources */ = {isa = PBXBuildFile; fileRef = 5CA9E64922784E100056B12F /* StoryboardKey.swift */; };
		5CA9E64C227898EA0056B12F /* GroupSelectorCell.swift in Sources */ = {isa = PBXBuildFile; fileRef = 5CA9E64B227898EA0056B12F /* GroupSelectorCell.swift */; };
		5CD47FBC227B4F0800B238ED /* TextHandler.swift in Sources */ = {isa = PBXBuildFile; fileRef = 5CD47FBB227B4F0800B238ED /* TextHandler.swift */; };
		5CD47FBE227B51F700B238ED /* main-css.css in Resources */ = {isa = PBXBuildFile; fileRef = 5CD47FBD227B51F700B238ED /* main-css.css */; };
		5CFAE6C7227993DC0004E8A8 /* FileEditor.swift in Sources */ = {isa = PBXBuildFile; fileRef = 5CFAE6C6227993DC0004E8A8 /* FileEditor.swift */; };
		5CFDE024227A8470002F184D /* MdEditor.swift in Sources */ = {isa = PBXBuildFile; fileRef = 5CFDE023227A8470002F184D /* MdEditor.swift */; };
		5CFDE028227A8E49002F184D /* MarkdownManager.swift in Sources */ = {isa = PBXBuildFile; fileRef = 5CFDE027227A8E49002F184D /* MarkdownManager.swift */; };
		5CFDE02A227A8E6B002F184D /* GroupManager.swift in Sources */ = {isa = PBXBuildFile; fileRef = 5CFDE029227A8E6B002F184D /* GroupManager.swift */; };
		5CFDE02C227A8E77002F184D /* ImageManager.swift in Sources */ = {isa = PBXBuildFile; fileRef = 5CFDE02B227A8E77002F184D /* ImageManager.swift */; };
		5CFDE032227A9750002F184D /* ImageSelectorVC.swift in Sources */ = {isa = PBXBuildFile; fileRef = 5CFDE031227A9750002F184D /* ImageSelectorVC.swift */; };
/* End PBXBuildFile section */

/* Begin PBXContainerItemProxy section */
		5C05282A2272B4980055FFE1 /* PBXContainerItemProxy */ = {
			isa = PBXContainerItemProxy;
			containerPortal = 5C05280D2272B4970055FFE1 /* Project object */;
			proxyType = 1;
			remoteGlobalIDString = 5C0528142272B4970055FFE1;
			remoteInfo = MarkUP;
		};
/* End PBXContainerItemProxy section */

/* Begin PBXFileReference section */
		0A23AD01245D078028166821 /* Pods-MarkUPTests.debug.xcconfig */ = {isa = PBXFileReference; includeInIndex = 1; lastKnownFileType = text.xcconfig; name = "Pods-MarkUPTests.debug.xcconfig"; path = "Pods/Target Support Files/Pods-MarkUPTests/Pods-MarkUPTests.debug.xcconfig"; sourceTree = "<group>"; };
		1045F95AC680D7EC08DA4577 /* Pods_MarkUP.framework */ = {isa = PBXFileReference; explicitFileType = wrapper.framework; includeInIndex = 0; path = Pods_MarkUP.framework; sourceTree = BUILT_PRODUCTS_DIR; };
		4036D12E669E4B28D8F92F4C /* Pods_MarkUPTests.framework */ = {isa = PBXFileReference; explicitFileType = wrapper.framework; includeInIndex = 0; path = Pods_MarkUPTests.framework; sourceTree = BUILT_PRODUCTS_DIR; };
		5C0528152272B4970055FFE1 /* MarkUP.app */ = {isa = PBXFileReference; explicitFileType = wrapper.application; includeInIndex = 0; path = MarkUP.app; sourceTree = BUILT_PRODUCTS_DIR; };
		5C0528182272B4970055FFE1 /* AppDelegate.swift */ = {isa = PBXFileReference; lastKnownFileType = sourcecode.swift; path = AppDelegate.swift; sourceTree = "<group>"; };
		5C05281A2272B4970055FFE1 /* ViewController.swift */ = {isa = PBXFileReference; lastKnownFileType = sourcecode.swift; path = ViewController.swift; sourceTree = "<group>"; };
		5C05281D2272B4970055FFE1 /* Base */ = {isa = PBXFileReference; lastKnownFileType = file.storyboard; name = Base; path = Base.lproj/Main.storyboard; sourceTree = "<group>"; };
		5C05281F2272B4980055FFE1 /* Assets.xcassets */ = {isa = PBXFileReference; lastKnownFileType = folder.assetcatalog; path = Assets.xcassets; sourceTree = "<group>"; };
		5C0528222272B4980055FFE1 /* Base */ = {isa = PBXFileReference; lastKnownFileType = file.storyboard; name = Base; path = Base.lproj/LaunchScreen.storyboard; sourceTree = "<group>"; };
		5C0528242272B4980055FFE1 /* Info.plist */ = {isa = PBXFileReference; lastKnownFileType = text.plist.xml; path = Info.plist; sourceTree = "<group>"; };
		5C0528292272B4980055FFE1 /* MarkUPTests.xctest */ = {isa = PBXFileReference; explicitFileType = wrapper.cfbundle; includeInIndex = 0; path = MarkUPTests.xctest; sourceTree = BUILT_PRODUCTS_DIR; };
		5C05282D2272B4980055FFE1 /* MarkUPTests.swift */ = {isa = PBXFileReference; lastKnownFileType = sourcecode.swift; path = MarkUPTests.swift; sourceTree = "<group>"; };
		5C05282F2272B4980055FFE1 /* Info.plist */ = {isa = PBXFileReference; lastKnownFileType = text.plist.xml; path = Info.plist; sourceTree = "<group>"; };
		5C393B49227BE6AB00DA4C41 /* PDFManager.swift */ = {isa = PBXFileReference; lastKnownFileType = sourcecode.swift; path = PDFManager.swift; sourceTree = "<group>"; };
		5C4A41722279CDAA003D5E70 /* MdViewer.swift */ = {isa = PBXFileReference; lastKnownFileType = sourcecode.swift; path = MdViewer.swift; sourceTree = "<group>"; };
		5C4CDBE6227AACC40014091D /* ImageSelectorCell.swift */ = {isa = PBXFileReference; lastKnownFileType = sourcecode.swift; path = ImageSelectorCell.swift; sourceTree = "<group>"; };
		5C4CDBE8227AC2CA0014091D /* ImageAlert.swift */ = {isa = PBXFileReference; lastKnownFileType = sourcecode.swift; path = ImageAlert.swift; sourceTree = "<group>"; };
		5C8681F8227563E2000685C2 /* FileCell.swift */ = {isa = PBXFileReference; lastKnownFileType = sourcecode.swift; path = FileCell.swift; sourceTree = "<group>"; };
		5C8681FB227564D9000685C2 /* FileSelectorVC.swift */ = {isa = PBXFileReference; lastKnownFileType = sourcecode.swift; path = FileSelectorVC.swift; sourceTree = "<group>"; };
		5C8681FE2275669F000685C2 /* ImageKey.swift */ = {isa = PBXFileReference; lastKnownFileType = sourcecode.swift; path = ImageKey.swift; sourceTree = "<group>"; };
		5C86820022756FA5000685C2 /* ColorKey.swift */ = {isa = PBXFileReference; lastKnownFileType = sourcecode.swift; path = ColorKey.swift; sourceTree = "<group>"; };
		5C86820222757E1C000685C2 /* ja */ = {isa = PBXFileReference; lastKnownFileType = text.plist.strings; name = ja; path = ja.lproj/Main.strings; sourceTree = "<group>"; };
		5C86820322757E1C000685C2 /* ja */ = {isa = PBXFileReference; lastKnownFileType = text.plist.strings; name = ja; path = ja.lproj/LaunchScreen.strings; sourceTree = "<group>"; };
		5C86820422757E2B000685C2 /* zh-Hans */ = {isa = PBXFileReference; lastKnownFileType = text.plist.strings; name = "zh-Hans"; path = "zh-Hans.lproj/Main.strings"; sourceTree = "<group>"; };
		5C86820522757E2B000685C2 /* zh-Hans */ = {isa = PBXFileReference; lastKnownFileType = text.plist.strings; name = "zh-Hans"; path = "zh-Hans.lproj/LaunchScreen.strings"; sourceTree = "<group>"; };
		5C86820922757E92000685C2 /* en */ = {isa = PBXFileReference; lastKnownFileType = text.plist.strings; name = en; path = en.lproj/Localizable.strings; sourceTree = "<group>"; };
		5C86820B22757E98000685C2 /* ja */ = {isa = PBXFileReference; lastKnownFileType = text.plist.strings; name = ja; path = ja.lproj/Localizable.strings; sourceTree = "<group>"; };
		5C86820C22757E99000685C2 /* zh-Hans */ = {isa = PBXFileReference; lastKnownFileType = text.plist.strings; name = "zh-Hans"; path = "zh-Hans.lproj/Localizable.strings"; sourceTree = "<group>"; };
		5C868212227589A4000685C2 /* LocalizationKey.swift */ = {isa = PBXFileReference; lastKnownFileType = sourcecode.swift; path = LocalizationKey.swift; sourceTree = "<group>"; };
		5C95EE7B2277365F002F846A /* FileSystemKey.swift */ = {isa = PBXFileReference; lastKnownFileType = sourcecode.swift; path = FileSystemKey.swift; sourceTree = "<group>"; };
		5C95EE7E2277419E002F846A /* DateTool.swift */ = {isa = PBXFileReference; lastKnownFileType = sourcecode.swift; path = DateTool.swift; sourceTree = "<group>"; };
		5CA6B057227B19EE008EE40D /* HtmlManager.swift */ = {isa = PBXFileReference; lastKnownFileType = sourcecode.swift; path = HtmlManager.swift; sourceTree = "<group>"; };
		5CA6B059227B1F34008EE40D /* WKWebViewConfigKey.swift */ = {isa = PBXFileReference; lastKnownFileType = sourcecode.swift; path = WKWebViewConfigKey.swift; sourceTree = "<group>"; };
		5CA9E63C227840BC0056B12F /* AlertManager.swift */ = {isa = PBXFileReference; lastKnownFileType = sourcecode.swift; path = AlertManager.swift; sourceTree = "<group>"; };
		5CA9E63E227841FE0056B12F /* FileManager.swift */ = {isa = PBXFileReference; lastKnownFileType = sourcecode.swift; path = FileManager.swift; sourceTree = "<group>"; };
		5CA9E641227843910056B12F /* GroupSelectorVC.swift */ = {isa = PBXFileReference; lastKnownFileType = sourcecode.swift; path = GroupSelectorVC.swift; sourceTree = "<group>"; };
		5CA9E6452278453B0056B12F /* GroupPopover.swift */ = {isa = PBXFileReference; lastKnownFileType = sourcecode.swift; path = GroupPopover.swift; sourceTree = "<group>"; };
		5CA9E64922784E100056B12F /* StoryboardKey.swift */ = {isa = PBXFileReference; lastKnownFileType = sourcecode.swift; path = StoryboardKey.swift; sourceTree = "<group>"; };
		5CA9E64B227898EA0056B12F /* GroupSelectorCell.swift */ = {isa = PBXFileReference; fileEncoding = 4; lastKnownFileType = sourcecode.swift; path = GroupSelectorCell.swift; sourceTree = "<group>"; };
		5CD47FBB227B4F0800B238ED /* TextHandler.swift */ = {isa = PBXFileReference; lastKnownFileType = sourcecode.swift; path = TextHandler.swift; sourceTree = "<group>"; };
		5CD47FBD227B51F700B238ED /* main-css.css */ = {isa = PBXFileReference; fileEncoding = 4; lastKnownFileType = text.css; path = "main-css.css"; sourceTree = "<group>"; };
		5CFAE6C6227993DC0004E8A8 /* FileEditor.swift */ = {isa = PBXFileReference; lastKnownFileType = sourcecode.swift; path = FileEditor.swift; sourceTree = "<group>"; };
		5CFDE023227A8470002F184D /* MdEditor.swift */ = {isa = PBXFileReference; lastKnownFileType = sourcecode.swift; path = MdEditor.swift; sourceTree = "<group>"; };
		5CFDE027227A8E49002F184D /* MarkdownManager.swift */ = {isa = PBXFileReference; lastKnownFileType = sourcecode.swift; path = MarkdownManager.swift; sourceTree = "<group>"; };
		5CFDE029227A8E6B002F184D /* GroupManager.swift */ = {isa = PBXFileReference; lastKnownFileType = sourcecode.swift; path = GroupManager.swift; sourceTree = "<group>"; };
		5CFDE02B227A8E77002F184D /* ImageManager.swift */ = {isa = PBXFileReference; lastKnownFileType = sourcecode.swift; path = ImageManager.swift; sourceTree = "<group>"; };
		5CFDE031227A9750002F184D /* ImageSelectorVC.swift */ = {isa = PBXFileReference; lastKnownFileType = sourcecode.swift; path = ImageSelectorVC.swift; sourceTree = "<group>"; };
		5FFF732DD85F33B0B4BBC863 /* Pods-MarkUP.release.xcconfig */ = {isa = PBXFileReference; includeInIndex = 1; lastKnownFileType = text.xcconfig; name = "Pods-MarkUP.release.xcconfig"; path = "Pods/Target Support Files/Pods-MarkUP/Pods-MarkUP.release.xcconfig"; sourceTree = "<group>"; };
		AE731AFC5DBF6599DD1B2E12 /* Pods-MarkUP.debug.xcconfig */ = {isa = PBXFileReference; includeInIndex = 1; lastKnownFileType = text.xcconfig; name = "Pods-MarkUP.debug.xcconfig"; path = "Pods/Target Support Files/Pods-MarkUP/Pods-MarkUP.debug.xcconfig"; sourceTree = "<group>"; };
		FAC70CF8A18E26C0F095BF46 /* Pods-MarkUPTests.release.xcconfig */ = {isa = PBXFileReference; includeInIndex = 1; lastKnownFileType = text.xcconfig; name = "Pods-MarkUPTests.release.xcconfig"; path = "Pods/Target Support Files/Pods-MarkUPTests/Pods-MarkUPTests.release.xcconfig"; sourceTree = "<group>"; };
/* End PBXFileReference section */

/* Begin PBXFrameworksBuildPhase section */
		5C0528122272B4970055FFE1 /* Frameworks */ = {
			isa = PBXFrameworksBuildPhase;
			buildActionMask = 2147483647;
			files = (
				464A61B870781D8E1D451AD7 /* Pods_MarkUP.framework in Frameworks */,
			);
			runOnlyForDeploymentPostprocessing = 0;
		};
		5C0528262272B4980055FFE1 /* Frameworks */ = {
			isa = PBXFrameworksBuildPhase;
			buildActionMask = 2147483647;
			files = (
				0B73AF5D6CFCE56AEF8C1828 /* Pods_MarkUPTests.framework in Frameworks */,
			);
			runOnlyForDeploymentPostprocessing = 0;
		};
/* End PBXFrameworksBuildPhase section */

/* Begin PBXGroup section */
		5C05280C2272B4970055FFE1 = {
			isa = PBXGroup;
			children = (
				5C0528172272B4970055FFE1 /* MarkUP */,
				5C05282C2272B4980055FFE1 /* MarkUPTests */,
				5C0528162272B4970055FFE1 /* Products */,
				D2E6C829CAB85E53D0E069B2 /* Pods */,
				B1B98F5950051653EB1FCECA /* Frameworks */,
			);
			sourceTree = "<group>";
		};
		5C0528162272B4970055FFE1 /* Products */ = {
			isa = PBXGroup;
			children = (
				5C0528152272B4970055FFE1 /* MarkUP.app */,
				5C0528292272B4980055FFE1 /* MarkUPTests.xctest */,
			);
			name = Products;
			sourceTree = "<group>";
		};
		5C0528172272B4970055FFE1 /* MarkUP */ = {
			isa = PBXGroup;
			children = (
				5CA6B05B227B3789008EE40D /* Resource */,
				5C95EE7D22774190002F846A /* Tools */,
				5C86820D227581CC000685C2 /* Files */,
				5C8681FD2275668B000685C2 /* Keywords */,
				5C05283A2272B85C0055FFE1 /* Controllers */,
				5C0528392272B5370055FFE1 /* Storyboards */,
				5C0528382272B5120055FFE1 /* SupportingFiles */,
			);
			path = MarkUP;
			sourceTree = "<group>";
		};
		5C05282C2272B4980055FFE1 /* MarkUPTests */ = {
			isa = PBXGroup;
			children = (
				5C05282D2272B4980055FFE1 /* MarkUPTests.swift */,
				5C05282F2272B4980055FFE1 /* Info.plist */,
			);
			path = MarkUPTests;
			sourceTree = "<group>";
		};
		5C0528382272B5120055FFE1 /* SupportingFiles */ = {
			isa = PBXGroup;
			children = (
				5C0528242272B4980055FFE1 /* Info.plist */,
				5C05281F2272B4980055FFE1 /* Assets.xcassets */,
				5C0528182272B4970055FFE1 /* AppDelegate.swift */,
				5C05281A2272B4970055FFE1 /* ViewController.swift */,
				5C86820A22757E92000685C2 /* Localizable.strings */,
			);
			path = SupportingFiles;
			sourceTree = "<group>";
		};
		5C0528392272B5370055FFE1 /* Storyboards */ = {
			isa = PBXGroup;
			children = (
				5C05281C2272B4970055FFE1 /* Main.storyboard */,
				5C0528212272B4980055FFE1 /* LaunchScreen.storyboard */,
			);
			path = Storyboards;
			sourceTree = "<group>";
		};
		5C05283A2272B85C0055FFE1 /* Controllers */ = {
			isa = PBXGroup;
			children = (
				5CFDE02F227A9723002F184D /* MdEditor */,
				5C4CDBEB227ACE850014091D /* MdViewer */,
				5C8681FA227564A0000685C2 /* MainPage */,
			);
			path = Controllers;
			sourceTree = "<group>";
		};
		5C4CDBEB227ACE850014091D /* MdViewer */ = {
			isa = PBXGroup;
			children = (
				5C4A41722279CDAA003D5E70 /* MdViewer.swift */,
			);
			path = MdViewer;
			sourceTree = "<group>";
		};
		5C8681FA227564A0000685C2 /* MainPage */ = {
			isa = PBXGroup;
			children = (
				5CA9E643227843A40056B12F /* GroupSelector */,
				5CA9E6402278430A0056B12F /* FileSelector */,
			);
			path = MainPage;
			sourceTree = "<group>";
		};
		5C8681FD2275668B000685C2 /* Keywords */ = {
			isa = PBXGroup;
			children = (
				5CA6B059227B1F34008EE40D /* WKWebViewConfigKey.swift */,
				5C8681FE2275669F000685C2 /* ImageKey.swift */,
				5C86820022756FA5000685C2 /* ColorKey.swift */,
				5C868212227589A4000685C2 /* LocalizationKey.swift */,
				5C95EE7B2277365F002F846A /* FileSystemKey.swift */,
				5CA9E64922784E100056B12F /* StoryboardKey.swift */,
			);
			path = Keywords;
			sourceTree = "<group>";
		};
		5C86820D227581CC000685C2 /* Files */ = {
			isa = PBXGroup;
			children = (
				5CFDE027227A8E49002F184D /* MarkdownManager.swift */,
				5CFDE02B227A8E77002F184D /* ImageManager.swift */,
				5CFDE029227A8E6B002F184D /* GroupManager.swift */,
				5CA6B057227B19EE008EE40D /* HtmlManager.swift */,
				5C393B49227BE6AB00DA4C41 /* PDFManager.swift */,
			);
			path = Files;
			sourceTree = "<group>";
		};
		5C95EE7D22774190002F846A /* Tools */ = {
			isa = PBXGroup;
			children = (
				5C95EE7E2277419E002F846A /* DateTool.swift */,
			);
			path = Tools;
			sourceTree = "<group>";
		};
		5CA6B05B227B3789008EE40D /* Resource */ = {
			isa = PBXGroup;
			children = (
				5CD47FBD227B51F700B238ED /* main-css.css */,
			);
			path = Resource;
			sourceTree = "<group>";
		};
		5CA9E6402278430A0056B12F /* FileSelector */ = {
			isa = PBXGroup;
			children = (
				5C8681F8227563E2000685C2 /* FileCell.swift */,
				5CA9E63C227840BC0056B12F /* AlertManager.swift */,
				5C8681FB227564D9000685C2 /* FileSelectorVC.swift */,
				5CA9E63E227841FE0056B12F /* FileManager.swift */,
				5CA9E6452278453B0056B12F /* GroupPopover.swift */,
				5CFAE6C6227993DC0004E8A8 /* FileEditor.swift */,
			);
			path = FileSelector;
			sourceTree = "<group>";
		};
		5CA9E643227843A40056B12F /* GroupSelector */ = {
			isa = PBXGroup;
			children = (
				5CA9E64B227898EA0056B12F /* GroupSelectorCell.swift */,
				5CA9E641227843910056B12F /* GroupSelectorVC.swift */,
			);
			path = GroupSelector;
			sourceTree = "<group>";
		};
		5CFDE02F227A9723002F184D /* MdEditor */ = {
			isa = PBXGroup;
			children = (
				5CFDE030227A972F002F184D /* PictureSelector */,
				5CFDE023227A8470002F184D /* MdEditor.swift */,
				5CD47FBB227B4F0800B238ED /* TextHandler.swift */,
			);
			path = MdEditor;
			sourceTree = "<group>";
		};
		5CFDE030227A972F002F184D /* PictureSelector */ = {
			isa = PBXGroup;
			children = (
				5CFDE031227A9750002F184D /* ImageSelectorVC.swift */,
				5C4CDBE6227AACC40014091D /* ImageSelectorCell.swift */,
				5C4CDBE8227AC2CA0014091D /* ImageAlert.swift */,
			);
			path = PictureSelector;
			sourceTree = "<group>";
		};
		B1B98F5950051653EB1FCECA /* Frameworks */ = {
			isa = PBXGroup;
			children = (
				1045F95AC680D7EC08DA4577 /* Pods_MarkUP.framework */,
				4036D12E669E4B28D8F92F4C /* Pods_MarkUPTests.framework */,
			);
			name = Frameworks;
			sourceTree = "<group>";
		};
		D2E6C829CAB85E53D0E069B2 /* Pods */ = {
			isa = PBXGroup;
			children = (
				AE731AFC5DBF6599DD1B2E12 /* Pods-MarkUP.debug.xcconfig */,
				5FFF732DD85F33B0B4BBC863 /* Pods-MarkUP.release.xcconfig */,
				0A23AD01245D078028166821 /* Pods-MarkUPTests.debug.xcconfig */,
				FAC70CF8A18E26C0F095BF46 /* Pods-MarkUPTests.release.xcconfig */,
			);
			name = Pods;
			sourceTree = "<group>";
		};
/* End PBXGroup section */

/* Begin PBXNativeTarget section */
		5C0528142272B4970055FFE1 /* MarkUP */ = {
			isa = PBXNativeTarget;
			buildConfigurationList = 5C0528322272B4980055FFE1 /* Build configuration list for PBXNativeTarget "MarkUP" */;
			buildPhases = (
				57C19B4531372D485151D998 /* [CP] Check Pods Manifest.lock */,
				5C0528112272B4970055FFE1 /* Sources */,
				5C0528122272B4970055FFE1 /* Frameworks */,
				5C0528132272B4970055FFE1 /* Resources */,
				12EE1DED29801F920C21B258 /* [CP] Embed Pods Frameworks */,
			);
			buildRules = (
			);
			dependencies = (
			);
			name = MarkUP;
			productName = MarkUP;
			productReference = 5C0528152272B4970055FFE1 /* MarkUP.app */;
			productType = "com.apple.product-type.application";
		};
		5C0528282272B4980055FFE1 /* MarkUPTests */ = {
			isa = PBXNativeTarget;
			buildConfigurationList = 5C0528352272B4980055FFE1 /* Build configuration list for PBXNativeTarget "MarkUPTests" */;
			buildPhases = (
				71FC081AB0FA971318B9F3F7 /* [CP] Check Pods Manifest.lock */,
				5C0528252272B4980055FFE1 /* Sources */,
				5C0528262272B4980055FFE1 /* Frameworks */,
				5C0528272272B4980055FFE1 /* Resources */,
			);
			buildRules = (
			);
			dependencies = (
				5C05282B2272B4980055FFE1 /* PBXTargetDependency */,
			);
			name = MarkUPTests;
			productName = MarkUPTests;
			productReference = 5C0528292272B4980055FFE1 /* MarkUPTests.xctest */;
			productType = "com.apple.product-type.bundle.unit-test";
		};
/* End PBXNativeTarget section */

/* Begin PBXProject section */
		5C05280D2272B4970055FFE1 /* Project object */ = {
			isa = PBXProject;
			attributes = {
				LastSwiftUpdateCheck = 1020;
				LastUpgradeCheck = 1020;
				ORGANIZATIONNAME = "Midrash Elucidator";
				TargetAttributes = {
					5C0528142272B4970055FFE1 = {
						CreatedOnToolsVersion = 10.2.1;
					};
					5C0528282272B4980055FFE1 = {
						CreatedOnToolsVersion = 10.2.1;
						TestTargetID = 5C0528142272B4970055FFE1;
					};
				};
			};
			buildConfigurationList = 5C0528102272B4970055FFE1 /* Build configuration list for PBXProject "MarkUP" */;
			compatibilityVersion = "Xcode 9.3";
			developmentRegion = en;
			hasScannedForEncodings = 0;
			knownRegions = (
				en,
				Base,
				ja,
				"zh-Hans",
			);
			mainGroup = 5C05280C2272B4970055FFE1;
			productRefGroup = 5C0528162272B4970055FFE1 /* Products */;
			projectDirPath = "";
			projectRoot = "";
			targets = (
				5C0528142272B4970055FFE1 /* MarkUP */,
				5C0528282272B4980055FFE1 /* MarkUPTests */,
			);
		};
/* End PBXProject section */

/* Begin PBXResourcesBuildPhase section */
		5C0528132272B4970055FFE1 /* Resources */ = {
			isa = PBXResourcesBuildPhase;
			buildActionMask = 2147483647;
			files = (
				5C0528232272B4980055FFE1 /* LaunchScreen.storyboard in Resources */,
				5CD47FBE227B51F700B238ED /* main-css.css in Resources */,
				5C86820822757E92000685C2 /* Localizable.strings in Resources */,
				5C0528202272B4980055FFE1 /* Assets.xcassets in Resources */,
				5C05281E2272B4970055FFE1 /* Main.storyboard in Resources */,
			);
			runOnlyForDeploymentPostprocessing = 0;
		};
		5C0528272272B4980055FFE1 /* Resources */ = {
			isa = PBXResourcesBuildPhase;
			buildActionMask = 2147483647;
			files = (
			);
			runOnlyForDeploymentPostprocessing = 0;
		};
/* End PBXResourcesBuildPhase section */

/* Begin PBXShellScriptBuildPhase section */
		12EE1DED29801F920C21B258 /* [CP] Embed Pods Frameworks */ = {
			isa = PBXShellScriptBuildPhase;
			buildActionMask = 2147483647;
			files = (
			);
			inputPaths = (
				"${SRCROOT}/Pods/Target Support Files/Pods-MarkUP/Pods-MarkUP-frameworks.sh",
				"${BUILT_PRODUCTS_DIR}/EFCMark/EFCMark.framework",
				"${BUILT_PRODUCTS_DIR}/EFMarkdown/EFMarkdown.framework",
				"${BUILT_PRODUCTS_DIR}/IQKeyboardManager/IQKeyboardManager.framework",
			);
			name = "[CP] Embed Pods Frameworks";
			outputPaths = (
				"${TARGET_BUILD_DIR}/${FRAMEWORKS_FOLDER_PATH}/EFCMark.framework",
				"${TARGET_BUILD_DIR}/${FRAMEWORKS_FOLDER_PATH}/EFMarkdown.framework",
				"${TARGET_BUILD_DIR}/${FRAMEWORKS_FOLDER_PATH}/IQKeyboardManager.framework",
			);
			runOnlyForDeploymentPostprocessing = 0;
			shellPath = /bin/sh;
			shellScript = "\"${SRCROOT}/Pods/Target Support Files/Pods-MarkUP/Pods-MarkUP-frameworks.sh\"\n";
			showEnvVarsInLog = 0;
		};
		57C19B4531372D485151D998 /* [CP] Check Pods Manifest.lock */ = {
			isa = PBXShellScriptBuildPhase;
			buildActionMask = 2147483647;
			files = (
			);
			inputPaths = (
				"${PODS_PODFILE_DIR_PATH}/Podfile.lock",
				"${PODS_ROOT}/Manifest.lock",
			);
			name = "[CP] Check Pods Manifest.lock";
			outputPaths = (
				"$(DERIVED_FILE_DIR)/Pods-MarkUP-checkManifestLockResult.txt",
			);
			runOnlyForDeploymentPostprocessing = 0;
			shellPath = /bin/sh;
			shellScript = "diff \"${PODS_PODFILE_DIR_PATH}/Podfile.lock\" \"${PODS_ROOT}/Manifest.lock\" > /dev/null\nif [ $? != 0 ] ; then\n    # print error to STDERR\n    echo \"error: The sandbox is not in sync with the Podfile.lock. Run 'pod install' or update your CocoaPods installation.\" >&2\n    exit 1\nfi\n# This output is used by Xcode 'outputs' to avoid re-running this script phase.\necho \"SUCCESS\" > \"${SCRIPT_OUTPUT_FILE_0}\"\n";
			showEnvVarsInLog = 0;
		};
		71FC081AB0FA971318B9F3F7 /* [CP] Check Pods Manifest.lock */ = {
			isa = PBXShellScriptBuildPhase;
			buildActionMask = 2147483647;
			files = (
			);
			inputPaths = (
				"${PODS_PODFILE_DIR_PATH}/Podfile.lock",
				"${PODS_ROOT}/Manifest.lock",
			);
			name = "[CP] Check Pods Manifest.lock";
			outputPaths = (
				"$(DERIVED_FILE_DIR)/Pods-MarkUPTests-checkManifestLockResult.txt",
			);
			runOnlyForDeploymentPostprocessing = 0;
			shellPath = /bin/sh;
			shellScript = "diff \"${PODS_PODFILE_DIR_PATH}/Podfile.lock\" \"${PODS_ROOT}/Manifest.lock\" > /dev/null\nif [ $? != 0 ] ; then\n    # print error to STDERR\n    echo \"error: The sandbox is not in sync with the Podfile.lock. Run 'pod install' or update your CocoaPods installation.\" >&2\n    exit 1\nfi\n# This output is used by Xcode 'outputs' to avoid re-running this script phase.\necho \"SUCCESS\" > \"${SCRIPT_OUTPUT_FILE_0}\"\n";
			showEnvVarsInLog = 0;
		};
/* End PBXShellScriptBuildPhase section */

/* Begin PBXSourcesBuildPhase section */
		5C0528112272B4970055FFE1 /* Sources */ = {
			isa = PBXSourcesBuildPhase;
			buildActionMask = 2147483647;
			files = (
				5CFDE02C227A8E77002F184D /* ImageManager.swift in Sources */,
				5CA9E642227843910056B12F /* GroupSelectorVC.swift in Sources */,
				5CFAE6C7227993DC0004E8A8 /* FileEditor.swift in Sources */,
				5CFDE02A227A8E6B002F184D /* GroupManager.swift in Sources */,
				5CA9E63D227840BC0056B12F /* AlertManager.swift in Sources */,
				5C95EE7F2277419E002F846A /* DateTool.swift in Sources */,
				5CA9E63F227841FE0056B12F /* FileManager.swift in Sources */,
				5C4A41732279CDAA003D5E70 /* MdViewer.swift in Sources */,
				5C393B4A227BE6AB00DA4C41 /* PDFManager.swift in Sources */,
				5CFDE028227A8E49002F184D /* MarkdownManager.swift in Sources */,
				5CA6B05A227B1F34008EE40D /* WKWebViewConfigKey.swift in Sources */,
				5CA9E6462278453B0056B12F /* GroupPopover.swift in Sources */,
				5C8681FF2275669F000685C2 /* ImageKey.swift in Sources */,
				5CD47FBC227B4F0800B238ED /* TextHandler.swift in Sources */,
				5CFDE024227A8470002F184D /* MdEditor.swift in Sources */,
				5C868213227589A4000685C2 /* LocalizationKey.swift in Sources */,
				5C8681F9227563E2000685C2 /* FileCell.swift in Sources */,
				5C95EE7C2277365F002F846A /* FileSystemKey.swift in Sources */,
				5C8681FC227564D9000685C2 /* FileSelectorVC.swift in Sources */,
				5C4CDBE9227AC2CA0014091D /* ImageAlert.swift in Sources */,
				5C05281B2272B4970055FFE1 /* ViewController.swift in Sources */,
				5CA6B058227B19EE008EE40D /* HtmlManager.swift in Sources */,
				5C4CDBE7227AACC40014091D /* ImageSelectorCell.swift in Sources */,
				5CA9E64C227898EA0056B12F /* GroupSelectorCell.swift in Sources */,
				5CFDE032227A9750002F184D /* ImageSelectorVC.swift in Sources */,
				5C86820122756FA5000685C2 /* ColorKey.swift in Sources */,
				5CA9E64A22784E100056B12F /* StoryboardKey.swift in Sources */,
				5C0528192272B4970055FFE1 /* AppDelegate.swift in Sources */,
			);
			runOnlyForDeploymentPostprocessing = 0;
		};
		5C0528252272B4980055FFE1 /* Sources */ = {
			isa = PBXSourcesBuildPhase;
			buildActionMask = 2147483647;
			files = (
				5C05282E2272B4980055FFE1 /* MarkUPTests.swift in Sources */,
			);
			runOnlyForDeploymentPostprocessing = 0;
		};
/* End PBXSourcesBuildPhase section */

/* Begin PBXTargetDependency section */
		5C05282B2272B4980055FFE1 /* PBXTargetDependency */ = {
			isa = PBXTargetDependency;
			target = 5C0528142272B4970055FFE1 /* MarkUP */;
			targetProxy = 5C05282A2272B4980055FFE1 /* PBXContainerItemProxy */;
		};
/* End PBXTargetDependency section */

/* Begin PBXVariantGroup section */
		5C05281C2272B4970055FFE1 /* Main.storyboard */ = {
			isa = PBXVariantGroup;
			children = (
				5C05281D2272B4970055FFE1 /* Base */,
				5C86820222757E1C000685C2 /* ja */,
				5C86820422757E2B000685C2 /* zh-Hans */,
			);
			name = Main.storyboard;
			sourceTree = "<group>";
		};
		5C0528212272B4980055FFE1 /* LaunchScreen.storyboard */ = {
			isa = PBXVariantGroup;
			children = (
				5C0528222272B4980055FFE1 /* Base */,
				5C86820322757E1C000685C2 /* ja */,
				5C86820522757E2B000685C2 /* zh-Hans */,
			);
			name = LaunchScreen.storyboard;
			sourceTree = "<group>";
		};
		5C86820A22757E92000685C2 /* Localizable.strings */ = {
			isa = PBXVariantGroup;
			children = (
				5C86820922757E92000685C2 /* en */,
				5C86820B22757E98000685C2 /* ja */,
				5C86820C22757E99000685C2 /* zh-Hans */,
			);
			name = Localizable.strings;
			sourceTree = "<group>";
		};
/* End PBXVariantGroup section */

/* Begin XCBuildConfiguration section */
		5C0528302272B4980055FFE1 /* Debug */ = {
			isa = XCBuildConfiguration;
			buildSettings = {
				ALWAYS_SEARCH_USER_PATHS = NO;
				CLANG_ANALYZER_LOCALIZABILITY_NONLOCALIZED = YES;
				CLANG_ANALYZER_NONNULL = YES;
				CLANG_ANALYZER_NUMBER_OBJECT_CONVERSION = YES_AGGRESSIVE;
				CLANG_CXX_LANGUAGE_STANDARD = "gnu++14";
				CLANG_CXX_LIBRARY = "libc++";
				CLANG_ENABLE_MODULES = YES;
				CLANG_ENABLE_OBJC_ARC = YES;
				CLANG_ENABLE_OBJC_WEAK = YES;
				CLANG_WARN_BLOCK_CAPTURE_AUTORELEASING = YES;
				CLANG_WARN_BOOL_CONVERSION = YES;
				CLANG_WARN_COMMA = YES;
				CLANG_WARN_CONSTANT_CONVERSION = YES;
				CLANG_WARN_DEPRECATED_OBJC_IMPLEMENTATIONS = YES;
				CLANG_WARN_DIRECT_OBJC_ISA_USAGE = YES_ERROR;
				CLANG_WARN_DOCUMENTATION_COMMENTS = YES;
				CLANG_WARN_EMPTY_BODY = YES;
				CLANG_WARN_ENUM_CONVERSION = YES;
				CLANG_WARN_INFINITE_RECURSION = YES;
				CLANG_WARN_INT_CONVERSION = YES;
				CLANG_WARN_NON_LITERAL_NULL_CONVERSION = YES;
				CLANG_WARN_OBJC_IMPLICIT_RETAIN_SELF = YES;
				CLANG_WARN_OBJC_LITERAL_CONVERSION = YES;
				CLANG_WARN_OBJC_ROOT_CLASS = YES_ERROR;
				CLANG_WARN_RANGE_LOOP_ANALYSIS = YES;
				CLANG_WARN_STRICT_PROTOTYPES = YES;
				CLANG_WARN_SUSPICIOUS_MOVE = YES;
				CLANG_WARN_UNGUARDED_AVAILABILITY = YES_AGGRESSIVE;
				CLANG_WARN_UNREACHABLE_CODE = YES;
				CLANG_WARN__DUPLICATE_METHOD_MATCH = YES;
				CODE_SIGN_IDENTITY = "iPhone Developer";
				COPY_PHASE_STRIP = NO;
				DEBUG_INFORMATION_FORMAT = dwarf;
				ENABLE_STRICT_OBJC_MSGSEND = YES;
				ENABLE_TESTABILITY = YES;
				GCC_C_LANGUAGE_STANDARD = gnu11;
				GCC_DYNAMIC_NO_PIC = NO;
				GCC_NO_COMMON_BLOCKS = YES;
				GCC_OPTIMIZATION_LEVEL = 0;
				GCC_PREPROCESSOR_DEFINITIONS = (
					"DEBUG=1",
					"$(inherited)",
				);
				GCC_WARN_64_TO_32_BIT_CONVERSION = YES;
				GCC_WARN_ABOUT_RETURN_TYPE = YES_ERROR;
				GCC_WARN_UNDECLARED_SELECTOR = YES;
				GCC_WARN_UNINITIALIZED_AUTOS = YES_AGGRESSIVE;
				GCC_WARN_UNUSED_FUNCTION = YES;
				GCC_WARN_UNUSED_VARIABLE = YES;
				IPHONEOS_DEPLOYMENT_TARGET = 12.2;
				MTL_ENABLE_DEBUG_INFO = INCLUDE_SOURCE;
				MTL_FAST_MATH = YES;
				ONLY_ACTIVE_ARCH = YES;
				SDKROOT = iphoneos;
				SWIFT_ACTIVE_COMPILATION_CONDITIONS = DEBUG;
				SWIFT_OPTIMIZATION_LEVEL = "-Onone";
			};
			name = Debug;
		};
		5C0528312272B4980055FFE1 /* Release */ = {
			isa = XCBuildConfiguration;
			buildSettings = {
				ALWAYS_SEARCH_USER_PATHS = NO;
				CLANG_ANALYZER_LOCALIZABILITY_NONLOCALIZED = YES;
				CLANG_ANALYZER_NONNULL = YES;
				CLANG_ANALYZER_NUMBER_OBJECT_CONVERSION = YES_AGGRESSIVE;
				CLANG_CXX_LANGUAGE_STANDARD = "gnu++14";
				CLANG_CXX_LIBRARY = "libc++";
				CLANG_ENABLE_MODULES = YES;
				CLANG_ENABLE_OBJC_ARC = YES;
				CLANG_ENABLE_OBJC_WEAK = YES;
				CLANG_WARN_BLOCK_CAPTURE_AUTORELEASING = YES;
				CLANG_WARN_BOOL_CONVERSION = YES;
				CLANG_WARN_COMMA = YES;
				CLANG_WARN_CONSTANT_CONVERSION = YES;
				CLANG_WARN_DEPRECATED_OBJC_IMPLEMENTATIONS = YES;
				CLANG_WARN_DIRECT_OBJC_ISA_USAGE = YES_ERROR;
				CLANG_WARN_DOCUMENTATION_COMMENTS = YES;
				CLANG_WARN_EMPTY_BODY = YES;
				CLANG_WARN_ENUM_CONVERSION = YES;
				CLANG_WARN_INFINITE_RECURSION = YES;
				CLANG_WARN_INT_CONVERSION = YES;
				CLANG_WARN_NON_LITERAL_NULL_CONVERSION = YES;
				CLANG_WARN_OBJC_IMPLICIT_RETAIN_SELF = YES;
				CLANG_WARN_OBJC_LITERAL_CONVERSION = YES;
				CLANG_WARN_OBJC_ROOT_CLASS = YES_ERROR;
				CLANG_WARN_RANGE_LOOP_ANALYSIS = YES;
				CLANG_WARN_STRICT_PROTOTYPES = YES;
				CLANG_WARN_SUSPICIOUS_MOVE = YES;
				CLANG_WARN_UNGUARDED_AVAILABILITY = YES_AGGRESSIVE;
				CLANG_WARN_UNREACHABLE_CODE = YES;
				CLANG_WARN__DUPLICATE_METHOD_MATCH = YES;
				CODE_SIGN_IDENTITY = "iPhone Developer";
				COPY_PHASE_STRIP = NO;
				DEBUG_INFORMATION_FORMAT = "dwarf-with-dsym";
				ENABLE_NS_ASSERTIONS = NO;
				ENABLE_STRICT_OBJC_MSGSEND = YES;
				GCC_C_LANGUAGE_STANDARD = gnu11;
				GCC_NO_COMMON_BLOCKS = YES;
				GCC_WARN_64_TO_32_BIT_CONVERSION = YES;
				GCC_WARN_ABOUT_RETURN_TYPE = YES_ERROR;
				GCC_WARN_UNDECLARED_SELECTOR = YES;
				GCC_WARN_UNINITIALIZED_AUTOS = YES_AGGRESSIVE;
				GCC_WARN_UNUSED_FUNCTION = YES;
				GCC_WARN_UNUSED_VARIABLE = YES;
				IPHONEOS_DEPLOYMENT_TARGET = 12.2;
				MTL_ENABLE_DEBUG_INFO = NO;
				MTL_FAST_MATH = YES;
				SDKROOT = iphoneos;
				SWIFT_COMPILATION_MODE = wholemodule;
				SWIFT_OPTIMIZATION_LEVEL = "-O";
				VALIDATE_PRODUCT = YES;
			};
			name = Release;
		};
		5C0528332272B4980055FFE1 /* Debug */ = {
			isa = XCBuildConfiguration;
			baseConfigurationReference = AE731AFC5DBF6599DD1B2E12 /* Pods-MarkUP.debug.xcconfig */;
			buildSettings = {
				ASSETCATALOG_COMPILER_APPICON_NAME = AppIcon;
				CODE_SIGN_STYLE = Automatic;
				DEVELOPMENT_TEAM = LJ83B22TZ2;
				INFOPLIST_FILE = MarkUP/SupportingFiles/Info.plist;
				LD_RUNPATH_SEARCH_PATHS = (
					"$(inherited)",
					"@executable_path/Frameworks",
				);
				PRODUCT_BUNDLE_IDENTIFIER = com.sephidator.MarkUP;
				PRODUCT_NAME = "$(TARGET_NAME)";
				SWIFT_VERSION = 5.0;
				TARGETED_DEVICE_FAMILY = "1,2";
			};
			name = Debug;
		};
		5C0528342272B4980055FFE1 /* Release */ = {
			isa = XCBuildConfiguration;
			baseConfigurationReference = 5FFF732DD85F33B0B4BBC863 /* Pods-MarkUP.release.xcconfig */;
			buildSettings = {
				ASSETCATALOG_COMPILER_APPICON_NAME = AppIcon;
				CODE_SIGN_STYLE = Automatic;
				DEVELOPMENT_TEAM = LJ83B22TZ2;
				INFOPLIST_FILE = MarkUP/SupportingFiles/Info.plist;
				LD_RUNPATH_SEARCH_PATHS = (
					"$(inherited)",
					"@executable_path/Frameworks",
				);
				PRODUCT_BUNDLE_IDENTIFIER = com.sephidator.MarkUP;
				PRODUCT_NAME = "$(TARGET_NAME)";
				SWIFT_VERSION = 5.0;
				TARGETED_DEVICE_FAMILY = "1,2";
			};
			name = Release;
		};
		5C0528362272B4980055FFE1 /* Debug */ = {
			isa = XCBuildConfiguration;
			baseConfigurationReference = 0A23AD01245D078028166821 /* Pods-MarkUPTests.debug.xcconfig */;
			buildSettings = {
				ALWAYS_EMBED_SWIFT_STANDARD_LIBRARIES = YES;
				BUNDLE_LOADER = "$(TEST_HOST)";
				CODE_SIGN_STYLE = Automatic;
				DEVELOPMENT_TEAM = LJ83B22TZ2;
				INFOPLIST_FILE = MarkUPTests/Info.plist;
				LD_RUNPATH_SEARCH_PATHS = (
					"$(inherited)",
					"@executable_path/Frameworks",
					"@loader_path/Frameworks",
				);
				PRODUCT_BUNDLE_IDENTIFIER = com.sephidator.MarkUPTests;
				PRODUCT_NAME = "$(TARGET_NAME)";
				SWIFT_VERSION = 5.0;
				TARGETED_DEVICE_FAMILY = "1,2";
				TEST_HOST = "$(BUILT_PRODUCTS_DIR)/MarkUP.temp_caseinsensitive_rename.temp_caseinsensitive_rename.app/MarkUP.temp_caseinsensitive_rename.temp_caseinsensitive_rename";
			};
			name = Debug;
		};
		5C0528372272B4980055FFE1 /* Release */ = {
			isa = XCBuildConfiguration;
			baseConfigurationReference = FAC70CF8A18E26C0F095BF46 /* Pods-MarkUPTests.release.xcconfig */;
			buildSettings = {
				ALWAYS_EMBED_SWIFT_STANDARD_LIBRARIES = YES;
				BUNDLE_LOADER = "$(TEST_HOST)";
				CODE_SIGN_STYLE = Automatic;
				DEVELOPMENT_TEAM = LJ83B22TZ2;
				INFOPLIST_FILE = MarkUPTests/Info.plist;
				LD_RUNPATH_SEARCH_PATHS = (
					"$(inherited)",
					"@executable_path/Frameworks",
					"@loader_path/Frameworks",
				);
				PRODUCT_BUNDLE_IDENTIFIER = com.sephidator.MarkUPTests;
				PRODUCT_NAME = "$(TARGET_NAME)";
				SWIFT_VERSION = 5.0;
				TARGETED_DEVICE_FAMILY = "1,2";
				TEST_HOST = "$(BUILT_PRODUCTS_DIR)/MarkUP.temp_caseinsensitive_rename.temp_caseinsensitive_rename.app/MarkUP.temp_caseinsensitive_rename.temp_caseinsensitive_rename";
			};
			name = Release;
		};
/* End XCBuildConfiguration section */

/* Begin XCConfigurationList section */
		5C0528102272B4970055FFE1 /* Build configuration list for PBXProject "MarkUP" */ = {
			isa = XCConfigurationList;
			buildConfigurations = (
				5C0528302272B4980055FFE1 /* Debug */,
				5C0528312272B4980055FFE1 /* Release */,
			);
			defaultConfigurationIsVisible = 0;
			defaultConfigurationName = Release;
		};
		5C0528322272B4980055FFE1 /* Build configuration list for PBXNativeTarget "MarkUP" */ = {
			isa = XCConfigurationList;
			buildConfigurations = (
				5C0528332272B4980055FFE1 /* Debug */,
				5C0528342272B4980055FFE1 /* Release */,
			);
			defaultConfigurationIsVisible = 0;
			defaultConfigurationName = Release;
		};
		5C0528352272B4980055FFE1 /* Build configuration list for PBXNativeTarget "MarkUPTests" */ = {
			isa = XCConfigurationList;
			buildConfigurations = (
				5C0528362272B4980055FFE1 /* Debug */,
				5C0528372272B4980055FFE1 /* Release */,
			);
			defaultConfigurationIsVisible = 0;
			defaultConfigurationName = Release;
		};
/* End XCConfigurationList section */
	};
	rootObject = 5C05280D2272B4970055FFE1 /* Project object */;
}
