PODS:
  - EFCMark (0.0.2)
  - EFMarkdown (4.1.0):
    - EFCMark (= 0.0.2)
  - IQKeyboardManager (6.2.0)

DEPENDENCIES:
  - EFMarkdown
  - IQKeyboardManager

SPEC REPOS:
  https://github.com/cocoapods/specs.git:
    - EFCMark
    - EFMarkdown
    - IQKeyboardManager

SPEC CHECKSUMS:
  EFCMark: 78fb32ed4107c8efc640ad9d20ac31cd44ce2046
  EFMarkdown: d6373ec870be9ab8186c2409c1194e477377c014
  IQKeyboardManager: 6194101620b73af5e67900b8f89707a99de0b804

PODFILE CHECKSUM: bbab7b4d9f2628a4aec5964692651a03467ce34b

COCOAPODS: 1.5.2
